// !$*UTF8*$!
{
	archiveVersion = 1;
	classes = {
	};
	objectVersion = 50;
	objects = {

/* Begin PBXBuildFile section */
		05357F0F2266720400836592 /* AppDelegate.swift in Sources */ = {isa = PBXBuildFile; fileRef = 05357F0E2266720400836592 /* AppDelegate.swift */; };
		05357F112266720400836592 /* ViewController.swift in Sources */ = {isa = PBXBuildFile; fileRef = 05357F102266720400836592 /* ViewController.swift */; };
		05357F142266720400836592 /* Main.storyboard in Resources */ = {isa = PBXBuildFile; fileRef = 05357F122266720400836592 /* Main.storyboard */; };
		05357F162266720600836592 /* Assets.xcassets in Resources */ = {isa = PBXBuildFile; fileRef = 05357F152266720600836592 /* Assets.xcassets */; };
		05357F192266720600836592 /* LaunchScreen.storyboard in Resources */ = {isa = PBXBuildFile; fileRef = 05357F172266720600836592 /* LaunchScreen.storyboard */; };
		05357F21226675F200836592 /* Noticia.swift in Sources */ = {isa = PBXBuildFile; fileRef = 05357F20226675F200836592 /* Noticia.swift */; };
		05357F262266784D00836592 /* APIClient.swift in Sources */ = {isa = PBXBuildFile; fileRef = 05357F252266784D00836592 /* APIClient.swift */; };
		05357F282266796100836592 /* Enumeradores.swift in Sources */ = {isa = PBXBuildFile; fileRef = 05357F272266796100836592 /* Enumeradores.swift */; };
		05357F2A22667E5C00836592 /* NoticiasServico.swift in Sources */ = {isa = PBXBuildFile; fileRef = 05357F2922667E5C00836592 /* NoticiasServico.swift */; };
		05357F2F226797A600836592 /* NoticiaisTableViewCell.swift in Sources */ = {isa = PBXBuildFile; fileRef = 05357F2D226797A600836592 /* NoticiaisTableViewCell.swift */; };
		05357F30226797A600836592 /* NoticiaisTableViewCell.xib in Resources */ = {isa = PBXBuildFile; fileRef = 05357F2E226797A600836592 /* NoticiaisTableViewCell.xib */; };
/* End PBXBuildFile section */

/* Begin PBXFileReference section */
		05357F0B2266720400836592 /* TreinamentoLG.app */ = {isa = PBXFileReference; explicitFileType = wrapper.application; includeInIndex = 0; path = TreinamentoLG.app; sourceTree = BUILT_PRODUCTS_DIR; };
		05357F0E2266720400836592 /* AppDelegate.swift */ = {isa = PBXFileReference; lastKnownFileType = sourcecode.swift; path = AppDelegate.swift; sourceTree = "<group>"; };
		05357F102266720400836592 /* ViewController.swift */ = {isa = PBXFileReference; lastKnownFileType = sourcecode.swift; path = ViewController.swift; sourceTree = "<group>"; };
		05357F132266720400836592 /* Base */ = {isa = PBXFileReference; lastKnownFileType = file.storyboard; name = Base; path = Base.lproj/Main.storyboard; sourceTree = "<group>"; };
		05357F152266720600836592 /* Assets.xcassets */ = {isa = PBXFileReference; lastKnownFileType = folder.assetcatalog; path = Assets.xcassets; sourceTree = "<group>"; };
		05357F182266720600836592 /* Base */ = {isa = PBXFileReference; lastKnownFileType = file.storyboard; name = Base; path = Base.lproj/LaunchScreen.storyboard; sourceTree = "<group>"; };
		05357F1A2266720600836592 /* Info.plist */ = {isa = PBXFileReference; lastKnownFileType = text.plist.xml; path = Info.plist; sourceTree = "<group>"; };
		05357F20226675F200836592 /* Noticia.swift */ = {isa = PBXFileReference; lastKnownFileType = sourcecode.swift; path = Noticia.swift; sourceTree = "<group>"; };
		05357F252266784D00836592 /* APIClient.swift */ = {isa = PBXFileReference; lastKnownFileType = sourcecode.swift; path = APIClient.swift; sourceTree = "<group>"; };
		05357F272266796100836592 /* Enumeradores.swift */ = {isa = PBXFileReference; lastKnownFileType = sourcecode.swift; path = Enumeradores.swift; sourceTree = "<group>"; };
		05357F2922667E5C00836592 /* NoticiasServico.swift */ = {isa = PBXFileReference; lastKnownFileType = sourcecode.swift; path = NoticiasServico.swift; sourceTree = "<group>"; };
		05357F2D226797A600836592 /* NoticiaisTableViewCell.swift */ = {isa = PBXFileReference; lastKnownFileType = sourcecode.swift; path = NoticiaisTableViewCell.swift; sourceTree = "<group>"; };
		05357F2E226797A600836592 /* NoticiaisTableViewCell.xib */ = {isa = PBXFileReference; lastKnownFileType = file.xib; path = NoticiaisTableViewCell.xib; sourceTree = "<group>"; };
/* End PBXFileReference section */

/* Begin PBXFrameworksBuildPhase section */
		05357F082266720400836592 /* Frameworks */ = {
			isa = PBXFrameworksBuildPhase;
			buildActionMask = 2147483647;
			files = (
			);
			runOnlyForDeploymentPostprocessing = 0;
		};
/* End PBXFrameworksBuildPhase section */

/* Begin PBXGroup section */
		05357F022266720400836592 = {
			isa = PBXGroup;
			children = (
				05357F0D2266720400836592 /* TreinamentoLG */,
				05357F0C2266720400836592 /* Products */,
			);
			sourceTree = "<group>";
		};
		05357F0C2266720400836592 /* Products */ = {
			isa = PBXGroup;
			children = (
				05357F0B2266720400836592 /* TreinamentoLG.app */,
			);
			name = Products;
			sourceTree = "<group>";
		};
		05357F0D2266720400836592 /* TreinamentoLG */ = {
			isa = PBXGroup;
			children = (
				05357F2C2267978900836592 /* Views */,
				05357F2B2267977E00836592 /* Controllers */,
				05357F242266783E00836592 /* Utils */,
				05357F232266782E00836592 /* Services */,
				05357F222266782600836592 /* Model */,
				05357F0E2266720400836592 /* AppDelegate.swift */,
				05357F122266720400836592 /* Main.storyboard */,
				05357F152266720600836592 /* Assets.xcassets */,
				05357F172266720600836592 /* LaunchScreen.storyboard */,
				05357F1A2266720600836592 /* Info.plist */,
			);
			path = TreinamentoLG;
			sourceTree = "<group>";
		};
		05357F222266782600836592 /* Model */ = {
			isa = PBXGroup;
			children = (
				05357F20226675F200836592 /* Noticia.swift */,
			);
			path = Model;
			sourceTree = "<group>";
		};
		05357F232266782E00836592 /* Services */ = {
			isa = PBXGroup;
			children = (
				05357F252266784D00836592 /* APIClient.swift */,
				05357F2922667E5C00836592 /* NoticiasServico.swift */,
			);
			path = Services;
			sourceTree = "<group>";
		};
		05357F242266783E00836592 /* Utils */ = {
			isa = PBXGroup;
			children = (
				05357F272266796100836592 /* Enumeradores.swift */,
			);
			path = Utils;
			sourceTree = "<group>";
		};
		05357F2B2267977E00836592 /* Controllers */ = {
			isa = PBXGroup;
			children = (
				05357F102266720400836592 /* ViewController.swift */,
			);
			path = Controllers;
			sourceTree = "<group>";
		};
		05357F2C2267978900836592 /* Views */ = {
			isa = PBXGroup;
			children = (
				05357F2D226797A600836592 /* NoticiaisTableViewCell.swift */,
				05357F2E226797A600836592 /* NoticiaisTableViewCell.xib */,
			);
			path = Views;
			sourceTree = "<group>";
		};
/* End PBXGroup section */

/* Begin PBXNativeTarget section */
		05357F0A2266720400836592 /* TreinamentoLG */ = {
			isa = PBXNativeTarget;
			buildConfigurationList = 05357F1D2266720600836592 /* Build configuration list for PBXNativeTarget "TreinamentoLG" */;
			buildPhases = (
				05357F072266720400836592 /* Sources */,
				05357F082266720400836592 /* Frameworks */,
				05357F092266720400836592 /* Resources */,
			);
			buildRules = (
			);
			dependencies = (
			);
			name = TreinamentoLG;
			productName = TreinamentoLG;
			productReference = 05357F0B2266720400836592 /* TreinamentoLG.app */;
			productType = "com.apple.product-type.application";
		};
/* End PBXNativeTarget section */

/* Begin PBXProject section */
		05357F032266720400836592 /* Project object */ = {
			isa = PBXProject;
			attributes = {
				LastSwiftUpdateCheck = 1020;
				LastUpgradeCheck = 1020;
				ORGANIZATIONNAME = "LG Lugar de Gente";
				TargetAttributes = {
					05357F0A2266720400836592 = {
						CreatedOnToolsVersion = 10.2;
					};
				};
			};
			buildConfigurationList = 05357F062266720400836592 /* Build configuration list for PBXProject "TreinamentoLG" */;
			compatibilityVersion = "Xcode 9.3";
			developmentRegion = en;
			hasScannedForEncodings = 0;
			knownRegions = (
				en,
				Base,
			);
			mainGroup = 05357F022266720400836592;
			productRefGroup = 05357F0C2266720400836592 /* Products */;
			projectDirPath = "";
			projectRoot = "";
			targets = (
				05357F0A2266720400836592 /* TreinamentoLG */,
			);
		};
/* End PBXProject section */

/* Begin PBXResourcesBuildPhase section */
		05357F092266720400836592 /* Resources */ = {
			isa = PBXResourcesBuildPhase;
			buildActionMask = 2147483647;
			files = (
				05357F192266720600836592 /* LaunchScreen.storyboard in Resources */,
				05357F30226797A600836592 /* NoticiaisTableViewCell.xib in Resources */,
				05357F162266720600836592 /* Assets.xcassets in Resources */,
				05357F142266720400836592 /* Main.storyboard in Resources */,
			);
			runOnlyForDeploymentPostprocessing = 0;
		};
/* End PBXResourcesBuildPhase section */

/* Begin PBXSourcesBuildPhase section */
		05357F072266720400836592 /* Sources */ = {
			isa = PBXSourcesBuildPhase;
			buildActionMask = 2147483647;
			files = (
				05357F112266720400836592 /* ViewController.swift in Sources */,
				05357F21226675F200836592 /* Noticia.swift in Sources */,
				05357F0F2266720400836592 /* AppDelegate.swift in Sources */,
				05357F2A22667E5C00836592 /* NoticiasServico.swift in Sources */,
				05357F282266796100836592 /* Enumeradores.swift in Sources */,
				05357F2F226797A600836592 /* NoticiaisTableViewCell.swift in Sources */,
				05357F262266784D00836592 /* APIClient.swift in Sources */,
			);
			runOnlyForDeploymentPostprocessing = 0;
		};
/* End PBXSourcesBuildPhase section */

/* Begin PBXVariantGroup section */
		05357F122266720400836592 /* Main.storyboard */ = {
			isa = PBXVariantGroup;
			children = (
				05357F132266720400836592 /* Base */,
			);
			name = Main.storyboard;
			sourceTree = "<group>";
		};
		05357F172266720600836592 /* LaunchScreen.storyboard */ = {
			isa = PBXVariantGroup;
			children = (
				05357F182266720600836592 /* Base */,
			);
			name = LaunchScreen.storyboard;
			sourceTree = "<group>";
		};
/* End PBXVariantGroup section */

/* Begin XCBuildConfiguration section */
		05357F1B2266720600836592 /* Debug */ = {
			isa = XCBuildConfiguration;
			buildSettings = {
				ALWAYS_SEARCH_USER_PATHS = NO;
				CLANG_ANALYZER_NONNULL = YES;
				CLANG_ANALYZER_NUMBER_OBJECT_CONVERSION = YES_AGGRESSIVE;
				CLANG_CXX_LANGUAGE_STANDARD = "gnu++14";
				CLANG_CXX_LIBRARY = "libc++";
				CLANG_ENABLE_MODULES = YES;
				CLANG_ENABLE_OBJC_ARC = YES;
				CLANG_ENABLE_OBJC_WEAK = YES;
				CLANG_WARN_BLOCK_CAPTURE_AUTORELEASING = YES;
				CLANG_WARN_BOOL_CONVERSION = YES;
				CLANG_WARN_COMMA = YES;
				CLANG_WARN_CONSTANT_CONVERSION = YES;
				CLANG_WARN_DEPRECATED_OBJC_IMPLEMENTATIONS = YES;
				CLANG_WARN_DIRECT_OBJC_ISA_USAGE = YES_ERROR;
				CLANG_WARN_DOCUMENTATION_COMMENTS = YES;
				CLANG_WARN_EMPTY_BODY = YES;
				CLANG_WARN_ENUM_CONVERSION = YES;
				CLANG_WARN_INFINITE_RECURSION = YES;
				CLANG_WARN_INT_CONVERSION = YES;
				CLANG_WARN_NON_LITERAL_NULL_CONVERSION = YES;
				CLANG_WARN_OBJC_IMPLICIT_RETAIN_SELF = YES;
				CLANG_WARN_OBJC_LITERAL_CONVERSION = YES;
				CLANG_WARN_OBJC_ROOT_CLASS = YES_ERROR;
				CLANG_WARN_RANGE_LOOP_ANALYSIS = YES;
				CLANG_WARN_STRICT_PROTOTYPES = YES;
				CLANG_WARN_SUSPICIOUS_MOVE = YES;
				CLANG_WARN_UNGUARDED_AVAILABILITY = YES_AGGRESSIVE;
				CLANG_WARN_UNREACHABLE_CODE = YES;
				CLANG_WARN__DUPLICATE_METHOD_MATCH = YES;
				CODE_SIGN_IDENTITY = "iPhone Developer";
				COPY_PHASE_STRIP = NO;
				DEBUG_INFORMATION_FORMAT = dwarf;
				ENABLE_STRICT_OBJC_MSGSEND = YES;
				ENABLE_TESTABILITY = YES;
				GCC_C_LANGUAGE_STANDARD = gnu11;
				GCC_DYNAMIC_NO_PIC = NO;
				GCC_NO_COMMON_BLOCKS = YES;
				GCC_OPTIMIZATION_LEVEL = 0;
				GCC_PREPROCESSOR_DEFINITIONS = (
					"DEBUG=1",
					"$(inherited)",
				);
				GCC_WARN_64_TO_32_BIT_CONVERSION = YES;
				GCC_WARN_ABOUT_RETURN_TYPE = YES_ERROR;
				GCC_WARN_UNDECLARED_SELECTOR = YES;
				GCC_WARN_UNINITIALIZED_AUTOS = YES_AGGRESSIVE;
				GCC_WARN_UNUSED_FUNCTION = YES;
				GCC_WARN_UNUSED_VARIABLE = YES;
				IPHONEOS_DEPLOYMENT_TARGET = 12.2;
				MTL_ENABLE_DEBUG_INFO = INCLUDE_SOURCE;
				MTL_FAST_MATH = YES;
				ONLY_ACTIVE_ARCH = YES;
				SDKROOT = iphoneos;
				SWIFT_ACTIVE_COMPILATION_CONDITIONS = DEBUG;
				SWIFT_OPTIMIZATION_LEVEL = "-Onone";
			};
			name = Debug;
		};
		05357F1C2266720600836592 /* Release */ = {
			isa = XCBuildConfiguration;
			buildSettings = {
				ALWAYS_SEARCH_USER_PATHS = NO;
				CLANG_ANALYZER_NONNULL = YES;
				CLANG_ANALYZER_NUMBER_OBJECT_CONVERSION = YES_AGGRESSIVE;
				CLANG_CXX_LANGUAGE_STANDARD = "gnu++14";
				CLANG_CXX_LIBRARY = "libc++";
				CLANG_ENABLE_MODULES = YES;
				CLANG_ENABLE_OBJC_ARC = YES;
				CLANG_ENABLE_OBJC_WEAK = YES;
				CLANG_WARN_BLOCK_CAPTURE_AUTORELEASING = YES;
				CLANG_WARN_BOOL_CONVERSION = YES;
				CLANG_WARN_COMMA = YES;
				CLANG_WARN_CONSTANT_CONVERSION = YES;
				CLANG_WARN_DEPRECATED_OBJC_IMPLEMENTATIONS = YES;
				CLANG_WARN_DIRECT_OBJC_ISA_USAGE = YES_ERROR;
				CLANG_WARN_DOCUMENTATION_COMMENTS = YES;
				CLANG_WARN_EMPTY_BODY = YES;
				CLANG_WARN_ENUM_CONVERSION = YES;
				CLANG_WARN_INFINITE_RECURSION = YES;
				CLANG_WARN_INT_CONVERSION = YES;
				CLANG_WARN_NON_LITERAL_NULL_CONVERSION = YES;
				CLANG_WARN_OBJC_IMPLICIT_RETAIN_SELF = YES;
				CLANG_WARN_OBJC_LITERAL_CONVERSION = YES;
				CLANG_WARN_OBJC_ROOT_CLASS = YES_ERROR;
				CLANG_WARN_RANGE_LOOP_ANALYSIS = YES;
				CLANG_WARN_STRICT_PROTOTYPES = YES;
				CLANG_WARN_SUSPICIOUS_MOVE = YES;
				CLANG_WARN_UNGUARDED_AVAILABILITY = YES_AGGRESSIVE;
				CLANG_WARN_UNREACHABLE_CODE = YES;
				CLANG_WARN__DUPLICATE_METHOD_MATCH = YES;
				CODE_SIGN_IDENTITY = "iPhone Developer";
				COPY_PHASE_STRIP = NO;
				DEBUG_INFORMATION_FORMAT = "dwarf-with-dsym";
				ENABLE_NS_ASSERTIONS = NO;
				ENABLE_STRICT_OBJC_MSGSEND = YES;
				GCC_C_LANGUAGE_STANDARD = gnu11;
				GCC_NO_COMMON_BLOCKS = YES;
				GCC_WARN_64_TO_32_BIT_CONVERSION = YES;
				GCC_WARN_ABOUT_RETURN_TYPE = YES_ERROR;
				GCC_WARN_UNDECLARED_SELECTOR = YES;
				GCC_WARN_UNINITIALIZED_AUTOS = YES_AGGRESSIVE;
				GCC_WARN_UNUSED_FUNCTION = YES;
				GCC_WARN_UNUSED_VARIABLE = YES;
				IPHONEOS_DEPLOYMENT_TARGET = 12.2;
				MTL_ENABLE_DEBUG_INFO = NO;
				MTL_FAST_MATH = YES;
				SDKROOT = iphoneos;
				SWIFT_COMPILATION_MODE = wholemodule;
				SWIFT_OPTIMIZATION_LEVEL = "-O";
				VALIDATE_PRODUCT = YES;
			};
			name = Release;
		};
		05357F1E2266720600836592 /* Debug */ = {
			isa = XCBuildConfiguration;
			buildSettings = {
				ASSETCATALOG_COMPILER_APPICON_NAME = AppIcon;
				CODE_SIGN_STYLE = Automatic;
				INFOPLIST_FILE = TreinamentoLG/Info.plist;
				LD_RUNPATH_SEARCH_PATHS = (
					"$(inherited)",
					"@executable_path/Frameworks",
				);
				PRODUCT_BUNDLE_IDENTIFIER = lglugardegente.TreinamentoLG;
				PRODUCT_NAME = "$(TARGET_NAME)";
				SWIFT_VERSION = 5.0;
				TARGETED_DEVICE_FAMILY = "1,2";
			};
			name = Debug;
		};
		05357F1F2266720600836592 /* Release */ = {
			isa = XCBuildConfiguration;
			buildSettings = {
				ASSETCATALOG_COMPILER_APPICON_NAME = AppIcon;
				CODE_SIGN_STYLE = Automatic;
				INFOPLIST_FILE = TreinamentoLG/Info.plist;
				LD_RUNPATH_SEARCH_PATHS = (
					"$(inherited)",
					"@executable_path/Frameworks",
				);
				PRODUCT_BUNDLE_IDENTIFIER = lglugardegente.TreinamentoLG;
				PRODUCT_NAME = "$(TARGET_NAME)";
				SWIFT_VERSION = 5.0;
				TARGETED_DEVICE_FAMILY = "1,2";
			};
			name = Release;
		};
/* End XCBuildConfiguration section */

/* Begin XCConfigurationList section */
		05357F062266720400836592 /* Build configuration list for PBXProject "TreinamentoLG" */ = {
			isa = XCConfigurationList;
			buildConfigurations = (
				05357F1B2266720600836592 /* Debug */,
				05357F1C2266720600836592 /* Release */,
			);
			defaultConfigurationIsVisible = 0;
			defaultConfigurationName = Release;
		};
		05357F1D2266720600836592 /* Build configuration list for PBXNativeTarget "TreinamentoLG" */ = {
			isa = XCConfigurationList;
			buildConfigurations = (
				05357F1E2266720600836592 /* Debug */,
				05357F1F2266720600836592 /* Release */,
			);
			defaultConfigurationIsVisible = 0;
			defaultConfigurationName = Release;
		};
/* End XCConfigurationList section */
	};
	rootObject = 05357F032266720400836592 /* Project object */;
}
